
Microsoft Visual Studio Solution File, Format Version 12.00
# Visual Studio 14
VisualStudioVersion = 14.0.23107.0
MinimumVisualStudioVersion = 10.0.40219.1
Project("{8BC9CEB8-8B4A-11D0-8D11-00A0C91BC942}") = "1028", "1028\1028.vcxproj", "{F86C107D-379D-4251-AA8C-26159819ECAA}"
EndProject
Project("{8BC9CEB8-8B4A-11D0-8D11-00A0C91BC942}") = "1029", "1029\1029.vcxproj", "{47020146-5284-46F6-AB3C-B741028D91A8}"
EndProject
Project("{8BC9CEB8-8B4A-11D0-8D11-00A0C91BC942}") = "1019", "1019\1019.vcxproj", "{EFEAAE74-0EB6-4E8F-936D-2BA5588D95AD}"
EndProject
Project("{8BC9CEB8-8B4A-11D0-8D11-00A0C91BC942}") = "1064", "1064\1064.vcxproj", "{D2513478-1990-4D6D-BE2E-FDC57ADF6DE0}"
EndProject
Project("{8BC9CEB8-8B4A-11D0-8D11-00A0C91BC942}") = "1040", "1040\1040.vcxproj", "{8160F641-65F7-46C2-984A-04645E1B4811}"
EndProject
Project("{8BC9CEB8-8B4A-11D0-8D11-00A0C91BC942}") = "1624", "1624\1624.vcxproj", "{387AB728-EF17-480C-B375-11F92475136D}"
EndProject
Project("{8BC9CEB8-8B4A-11D0-8D11-00A0C91BC942}") = "2000", "2000\2000.vcxproj", "{CFA646DD-723A-4A72-A205-78653F33AC38}"
EndProject
Project("{8BC9CEB8-8B4A-11D0-8D11-00A0C91BC942}") = "1004", "1004\1004.vcxproj", "{4A0E51C7-0E8F-4040-9B7F-7904F211BD30}"
EndProject
Project("{8BC9CEB8-8B4A-11D0-8D11-00A0C91BC942}") = "1012", "1012\1012.vcxproj", "{479EEE2A-8411-4B8C-A9BE-1DA91BD16C03}"
EndProject
Project("{8BC9CEB8-8B4A-11D0-8D11-00A0C91BC942}") = "1013", "1013\1013.vcxproj", "{CC196654-0B1B-451B-808C-A449E62ADC93}"
EndProject
Project("{8BC9CEB8-8B4A-11D0-8D11-00A0C91BC942}") = "1014", "..\1014\1014\1014.vcxproj", "{480E22AB-5517-4C7D-811C-C5BE79243E1F}"
EndProject
Project("{8BC9CEB8-8B4A-11D0-8D11-00A0C91BC942}") = "1017", "1017\1017.vcxproj", "{AC16C7AB-0B78-43B8-A008-2647271401F3}"
EndProject
Project("{8BC9CEB8-8B4A-11D0-8D11-00A0C91BC942}") = "1022", "1022\1022.vcxproj", "{B270F81D-DF1F-408A-B511-B4AC51EC142E}"
EndProject
Project("{8BC9CEB8-8B4A-11D0-8D11-00A0C91BC942}") = "1023", "1023\1023.vcxproj", "{86ECF06E-F790-42DC-90BC-45237D624A6A}"
EndProject
Project("{8BC9CEB8-8B4A-11D0-8D11-00A0C91BC942}") = "1002", "1002\1002.vcxproj", "{681E50A9-51B2-4C62-84AC-A7544AA468CC}"
EndProject
Global
	GlobalSection(SolutionConfigurationPlatforms) = preSolution
		Debug|x64 = Debug|x64
		Debug|x86 = Debug|x86
		Release|x64 = Release|x64
		Release|x86 = Release|x86
	EndGlobalSection
	GlobalSection(ProjectConfigurationPlatforms) = postSolution
		{F86C107D-379D-4251-AA8C-26159819ECAA}.Debug|x64.ActiveCfg = Debug|x64
		{F86C107D-379D-4251-AA8C-26159819ECAA}.Debug|x64.Build.0 = Debug|x64
		{F86C107D-379D-4251-AA8C-26159819ECAA}.Debug|x86.ActiveCfg = Debug|Win32
		{F86C107D-379D-4251-AA8C-26159819ECAA}.Debug|x86.Build.0 = Debug|Win32
		{F86C107D-379D-4251-AA8C-26159819ECAA}.Release|x64.ActiveCfg = Release|x64
		{F86C107D-379D-4251-AA8C-26159819ECAA}.Release|x64.Build.0 = Release|x64
		{F86C107D-379D-4251-AA8C-26159819ECAA}.Release|x86.ActiveCfg = Release|Win32
		{F86C107D-379D-4251-AA8C-26159819ECAA}.Release|x86.Build.0 = Release|Win32
		{47020146-5284-46F6-AB3C-B741028D91A8}.Debug|x64.ActiveCfg = Debug|x64
		{47020146-5284-46F6-AB3C-B741028D91A8}.Debug|x64.Build.0 = Debug|x64
		{47020146-5284-46F6-AB3C-B741028D91A8}.Debug|x86.ActiveCfg = Debug|Win32
		{47020146-5284-46F6-AB3C-B741028D91A8}.Debug|x86.Build.0 = Debug|Win32
		{47020146-5284-46F6-AB3C-B741028D91A8}.Release|x64.ActiveCfg = Release|x64
		{47020146-5284-46F6-AB3C-B741028D91A8}.Release|x64.Build.0 = Release|x64
		{47020146-5284-46F6-AB3C-B741028D91A8}.Release|x86.ActiveCfg = Release|Win32
		{47020146-5284-46F6-AB3C-B741028D91A8}.Release|x86.Build.0 = Release|Win32
		{EFEAAE74-0EB6-4E8F-936D-2BA5588D95AD}.Debug|x64.ActiveCfg = Debug|x64
		{EFEAAE74-0EB6-4E8F-936D-2BA5588D95AD}.Debug|x64.Build.0 = Debug|x64
		{EFEAAE74-0EB6-4E8F-936D-2BA5588D95AD}.Debug|x86.ActiveCfg = Debug|Win32
		{EFEAAE74-0EB6-4E8F-936D-2BA5588D95AD}.Debug|x86.Build.0 = Debug|Win32
		{EFEAAE74-0EB6-4E8F-936D-2BA5588D95AD}.Release|x64.ActiveCfg = Release|x64
		{EFEAAE74-0EB6-4E8F-936D-2BA5588D95AD}.Release|x64.Build.0 = Release|x64
		{EFEAAE74-0EB6-4E8F-936D-2BA5588D95AD}.Release|x86.ActiveCfg = Release|Win32
		{EFEAAE74-0EB6-4E8F-936D-2BA5588D95AD}.Release|x86.Build.0 = Release|Win32
		{D2513478-1990-4D6D-BE2E-FDC57ADF6DE0}.Debug|x64.ActiveCfg = Debug|x64
		{D2513478-1990-4D6D-BE2E-FDC57ADF6DE0}.Debug|x64.Build.0 = Debug|x64
		{D2513478-1990-4D6D-BE2E-FDC57ADF6DE0}.Debug|x86.ActiveCfg = Debug|Win32
		{D2513478-1990-4D6D-BE2E-FDC57ADF6DE0}.Debug|x86.Build.0 = Debug|Win32
		{D2513478-1990-4D6D-BE2E-FDC57ADF6DE0}.Release|x64.ActiveCfg = Release|x64
		{D2513478-1990-4D6D-BE2E-FDC57ADF6DE0}.Release|x64.Build.0 = Release|x64
		{D2513478-1990-4D6D-BE2E-FDC57ADF6DE0}.Release|x86.ActiveCfg = Release|Win32
		{D2513478-1990-4D6D-BE2E-FDC57ADF6DE0}.Release|x86.Build.0 = Release|Win32
		{8160F641-65F7-46C2-984A-04645E1B4811}.Debug|x64.ActiveCfg = Debug|x64
		{8160F641-65F7-46C2-984A-04645E1B4811}.Debug|x64.Build.0 = Debug|x64
		{8160F641-65F7-46C2-984A-04645E1B4811}.Debug|x86.ActiveCfg = Debug|Win32
		{8160F641-65F7-46C2-984A-04645E1B4811}.Debug|x86.Build.0 = Debug|Win32
		{8160F641-65F7-46C2-984A-04645E1B4811}.Release|x64.ActiveCfg = Release|x64
		{8160F641-65F7-46C2-984A-04645E1B4811}.Release|x64.Build.0 = Release|x64
		{8160F641-65F7-46C2-984A-04645E1B4811}.Release|x86.ActiveCfg = Release|Win32
		{8160F641-65F7-46C2-984A-04645E1B4811}.Release|x86.Build.0 = Release|Win32
		{387AB728-EF17-480C-B375-11F92475136D}.Debug|x64.ActiveCfg = Debug|x64
		{387AB728-EF17-480C-B375-11F92475136D}.Debug|x64.Build.0 = Debug|x64
		{387AB728-EF17-480C-B375-11F92475136D}.Debug|x86.ActiveCfg = Debug|Win32
		{387AB728-EF17-480C-B375-11F92475136D}.Debug|x86.Build.0 = Debug|Win32
		{387AB728-EF17-480C-B375-11F92475136D}.Release|x64.ActiveCfg = Release|x64
		{387AB728-EF17-480C-B375-11F92475136D}.Release|x64.Build.0 = Release|x64
		{387AB728-EF17-480C-B375-11F92475136D}.Release|x86.ActiveCfg = Release|Win32
		{387AB728-EF17-480C-B375-11F92475136D}.Release|x86.Build.0 = Release|Win32
		{CFA646DD-723A-4A72-A205-78653F33AC38}.Debug|x64.ActiveCfg = Debug|x64
		{CFA646DD-723A-4A72-A205-78653F33AC38}.Debug|x64.Build.0 = Debug|x64
		{CFA646DD-723A-4A72-A205-78653F33AC38}.Debug|x86.ActiveCfg = Debug|Win32
		{CFA646DD-723A-4A72-A205-78653F33AC38}.Debug|x86.Build.0 = Debug|Win32
		{CFA646DD-723A-4A72-A205-78653F33AC38}.Release|x64.ActiveCfg = Release|x64
		{CFA646DD-723A-4A72-A205-78653F33AC38}.Release|x64.Build.0 = Release|x64
		{CFA646DD-723A-4A72-A205-78653F33AC38}.Release|x86.ActiveCfg = Release|Win32
		{CFA646DD-723A-4A72-A205-78653F33AC38}.Release|x86.Build.0 = Release|Win32
		{4A0E51C7-0E8F-4040-9B7F-7904F211BD30}.Debug|x64.ActiveCfg = Debug|x64
		{4A0E51C7-0E8F-4040-9B7F-7904F211BD30}.Debug|x64.Build.0 = Debug|x64
		{4A0E51C7-0E8F-4040-9B7F-7904F211BD30}.Debug|x86.ActiveCfg = Debug|Win32
		{4A0E51C7-0E8F-4040-9B7F-7904F211BD30}.Debug|x86.Build.0 = Debug|Win32
		{4A0E51C7-0E8F-4040-9B7F-7904F211BD30}.Release|x64.ActiveCfg = Release|x64
		{4A0E51C7-0E8F-4040-9B7F-7904F211BD30}.Release|x64.Build.0 = Release|x64
		{4A0E51C7-0E8F-4040-9B7F-7904F211BD30}.Release|x86.ActiveCfg = Release|Win32
		{4A0E51C7-0E8F-4040-9B7F-7904F211BD30}.Release|x86.Build.0 = Release|Win32
		{479EEE2A-8411-4B8C-A9BE-1DA91BD16C03}.Debug|x64.ActiveCfg = Debug|x64
		{479EEE2A-8411-4B8C-A9BE-1DA91BD16C03}.Debug|x64.Build.0 = Debug|x64
		{479EEE2A-8411-4B8C-A9BE-1DA91BD16C03}.Debug|x86.ActiveCfg = Debug|Win32
		{479EEE2A-8411-4B8C-A9BE-1DA91BD16C03}.Debug|x86.Build.0 = Debug|Win32
		{479EEE2A-8411-4B8C-A9BE-1DA91BD16C03}.Release|x64.ActiveCfg = Release|x64
		{479EEE2A-8411-4B8C-A9BE-1DA91BD16C03}.Release|x64.Build.0 = Release|x64
		{479EEE2A-8411-4B8C-A9BE-1DA91BD16C03}.Release|x86.ActiveCfg = Release|Win32
		{479EEE2A-8411-4B8C-A9BE-1DA91BD16C03}.Release|x86.Build.0 = Release|Win32
		{CC196654-0B1B-451B-808C-A449E62ADC93}.Debug|x64.ActiveCfg = Debug|x64
		{CC196654-0B1B-451B-808C-A449E62ADC93}.Debug|x64.Build.0 = Debug|x64
		{CC196654-0B1B-451B-808C-A449E62ADC93}.Debug|x86.ActiveCfg = Debug|Win32
		{CC196654-0B1B-451B-808C-A449E62ADC93}.Debug|x86.Build.0 = Debug|Win32
		{CC196654-0B1B-451B-808C-A449E62ADC93}.Release|x64.ActiveCfg = Release|x64
		{CC196654-0B1B-451B-808C-A449E62ADC93}.Release|x64.Build.0 = Release|x64
		{CC196654-0B1B-451B-808C-A449E62ADC93}.Release|x86.ActiveCfg = Release|Win32
		{CC196654-0B1B-451B-808C-A449E62ADC93}.Release|x86.Build.0 = Release|Win32
		{480E22AB-5517-4C7D-811C-C5BE79243E1F}.Debug|x64.ActiveCfg = Debug|x64
		{480E22AB-5517-4C7D-811C-C5BE79243E1F}.Debug|x64.Build.0 = Debug|x64
		{480E22AB-5517-4C7D-811C-C5BE79243E1F}.Debug|x86.ActiveCfg = Debug|Win32
		{480E22AB-5517-4C7D-811C-C5BE79243E1F}.Debug|x86.Build.0 = Debug|Win32
		{480E22AB-5517-4C7D-811C-C5BE79243E1F}.Release|x64.ActiveCfg = Release|x64
		{480E22AB-5517-4C7D-811C-C5BE79243E1F}.Release|x64.Build.0 = Release|x64
		{480E22AB-5517-4C7D-811C-C5BE79243E1F}.Release|x86.ActiveCfg = Release|Win32
		{480E22AB-5517-4C7D-811C-C5BE79243E1F}.Release|x86.Build.0 = Release|Win32
		{AC16C7AB-0B78-43B8-A008-2647271401F3}.Debug|x64.ActiveCfg = Debug|x64
		{AC16C7AB-0B78-43B8-A008-2647271401F3}.Debug|x64.Build.0 = Debug|x64
		{AC16C7AB-0B78-43B8-A008-2647271401F3}.Debug|x86.ActiveCfg = Debug|Win32
		{AC16C7AB-0B78-43B8-A008-2647271401F3}.Debug|x86.Build.0 = Debug|Win32
		{AC16C7AB-0B78-43B8-A008-2647271401F3}.Release|x64.ActiveCfg = Release|x64
		{AC16C7AB-0B78-43B8-A008-2647271401F3}.Release|x64.Build.0 = Release|x64
		{AC16C7AB-0B78-43B8-A008-2647271401F3}.Release|x86.ActiveCfg = Release|Win32
		{AC16C7AB-0B78-43B8-A008-2647271401F3}.Release|x86.Build.0 = Release|Win32
		{B270F81D-DF1F-408A-B511-B4AC51EC142E}.Debug|x64.ActiveCfg = Debug|x64
		{B270F81D-DF1F-408A-B511-B4AC51EC142E}.Debug|x64.Build.0 = Debug|x64
		{B270F81D-DF1F-408A-B511-B4AC51EC142E}.Debug|x86.ActiveCfg = Debug|Win32
		{B270F81D-DF1F-408A-B511-B4AC51EC142E}.Debug|x86.Build.0 = Debug|Win32
		{B270F81D-DF1F-408A-B511-B4AC51EC142E}.Release|x64.ActiveCfg = Release|x64
		{B270F81D-DF1F-408A-B511-B4AC51EC142E}.Release|x64.Build.0 = Release|x64
		{B270F81D-DF1F-408A-B511-B4AC51EC142E}.Release|x86.ActiveCfg = Release|Win32
		{B270F81D-DF1F-408A-B511-B4AC51EC142E}.Release|x86.Build.0 = Release|Win32
		{86ECF06E-F790-42DC-90BC-45237D624A6A}.Debug|x64.ActiveCfg = Debug|x64
		{86ECF06E-F790-42DC-90BC-45237D624A6A}.Debug|x64.Build.0 = Debug|x64
		{86ECF06E-F790-42DC-90BC-45237D624A6A}.Debug|x86.ActiveCfg = Debug|Win32
		{86ECF06E-F790-42DC-90BC-45237D624A6A}.Debug|x86.Build.0 = Debug|Win32
		{86ECF06E-F790-42DC-90BC-45237D624A6A}.Release|x64.ActiveCfg = Release|x64
		{86ECF06E-F790-42DC-90BC-45237D624A6A}.Release|x64.Build.0 = Release|x64
		{86ECF06E-F790-42DC-90BC-45237D624A6A}.Release|x86.ActiveCfg = Release|Win32
		{86ECF06E-F790-42DC-90BC-45237D624A6A}.Release|x86.Build.0 = Release|Win32
		{681E50A9-51B2-4C62-84AC-A7544AA468CC}.Debug|x64.ActiveCfg = Debug|x64
		{681E50A9-51B2-4C62-84AC-A7544AA468CC}.Debug|x64.Build.0 = Debug|x64
		{681E50A9-51B2-4C62-84AC-A7544AA468CC}.Debug|x86.ActiveCfg = Debug|Win32
		{681E50A9-51B2-4C62-84AC-A7544AA468CC}.Debug|x86.Build.0 = Debug|Win32
		{681E50A9-51B2-4C62-84AC-A7544AA468CC}.Release|x64.ActiveCfg = Release|x64
		{681E50A9-51B2-4C62-84AC-A7544AA468CC}.Release|x64.Build.0 = Release|x64
		{681E50A9-51B2-4C62-84AC-A7544AA468CC}.Release|x86.ActiveCfg = Release|Win32
		{681E50A9-51B2-4C62-84AC-A7544AA468CC}.Release|x86.Build.0 = Release|Win32
	EndGlobalSection
	GlobalSection(SolutionProperties) = preSolution
		HideSolutionNode = FALSE
	EndGlobalSection
EndGlobal
